# This file is automatically @generated by Cargo.
# It is not intended for manual editing.
version = 3

[[package]]
name = "msica"
version = "0.3.0"
source = "registry+https://github.com/rust-lang/crates.io-index"
checksum = "83950776d42a63d99452efd60ce776626a9f73ee4860493213de0d7c69abaa77"

[[package]]
name = "msiverca"
version = "0.1.0"
dependencies = [
 "msica",
]
